
Microsoft Visual Studio Solution File, Format Version 12.00
# Visual Studio Version 17
VisualStudioVersion = 17.11.35327.3
MinimumVisualStudioVersion = 10.0.40219.1
Project("{8BC9CEB8-8B4A-11D0-8D11-00A0C91BC942}") = "3D_Graphics_Engine", "3D_Graphics_Engine.vcxproj", "{55FD9A07-E046-4B5B-97DC-4655D669CD69}"
EndProject
Global
	GlobalSection(SolutionConfigurationPlatforms) = preSolution
		Debug|x64 = Debug|x64
		Debug|x86 = Debug|x86
		Release|x64 = Release|x64
		Release|x86 = Release|x86
	EndGlobalSection
	GlobalSection(ProjectConfigurationPlatforms) = postSolution
		{55FD9A07-E046-4B5B-97DC-4655D669CD69}.Debug|x64.ActiveCfg = Debug|x64
		{55FD9A07-E046-4B5B-97DC-4655D669CD69}.Debug|x64.Build.0 = Debug|x64
		{55FD9A07-E046-4B5B-97DC-4655D669CD69}.Debug|x86.ActiveCfg = Debug|Win32
		{55FD9A07-E046-4B5B-97DC-4655D669CD69}.Debug|x86.Build.0 = Debug|Win32
		{55FD9A07-E046-4B5B-97DC-4655D669CD69}.Release|x64.ActiveCfg = Release|x64
		{55FD9A07-E046-4B5B-97DC-4655D669CD69}.Release|x64.Build.0 = Release|x64
		{55FD9A07-E046-4B5B-97DC-4655D669CD69}.Release|x86.ActiveCfg = Release|Win32
		{55FD9A07-E046-4B5B-97DC-4655D669CD69}.Release|x86.Build.0 = Release|Win32
	EndGlobalSection
	GlobalSection(SolutionProperties) = preSolution
		HideSolutionNode = FALSE
	EndGlobalSection
	GlobalSection(ExtensibilityGlobals) = postSolution
		SolutionGuid = {CC3195EF-495D-4C9D-91FE-317E3C9F016E}
	EndGlobalSection
EndGlobal
